// !$*UTF8*$!
{
	archiveVersion = 1;
	classes = {
	};
	objectVersion = 46;
	objects = {

/* Begin PBXBuildFile section */
		C3A04C031BFC136400CE336E /* AFHTTPRequestOperation.m in Sources */ = {isa = PBXBuildFile; fileRef = C3A04BDF1BFC136400CE336E /* AFHTTPRequestOperation.m */; };
		C3A04C041BFC136400CE336E /* AFHTTPRequestOperationManager.m in Sources */ = {isa = PBXBuildFile; fileRef = C3A04BE11BFC136400CE336E /* AFHTTPRequestOperationManager.m */; };
		C3A04C051BFC136400CE336E /* AFHTTPSessionManager.m in Sources */ = {isa = PBXBuildFile; fileRef = C3A04BE31BFC136400CE336E /* AFHTTPSessionManager.m */; };
		C3A04C061BFC136400CE336E /* AFNetworkReachabilityManager.m in Sources */ = {isa = PBXBuildFile; fileRef = C3A04BE61BFC136400CE336E /* AFNetworkReachabilityManager.m */; };
		C3A04C071BFC136400CE336E /* AFSecurityPolicy.m in Sources */ = {isa = PBXBuildFile; fileRef = C3A04BE81BFC136400CE336E /* AFSecurityPolicy.m */; };
		C3A04C081BFC136400CE336E /* AFURLConnectionOperation.m in Sources */ = {isa = PBXBuildFile; fileRef = C3A04BEA1BFC136400CE336E /* AFURLConnectionOperation.m */; };
		C3A04C091BFC136400CE336E /* AFURLRequestSerialization.m in Sources */ = {isa = PBXBuildFile; fileRef = C3A04BEC1BFC136400CE336E /* AFURLRequestSerialization.m */; };
		C3A04C0A1BFC136400CE336E /* AFURLResponseSerialization.m in Sources */ = {isa = PBXBuildFile; fileRef = C3A04BEE1BFC136400CE336E /* AFURLResponseSerialization.m */; };
		C3A04C0B1BFC136400CE336E /* AFURLSessionManager.m in Sources */ = {isa = PBXBuildFile; fileRef = C3A04BF01BFC136400CE336E /* AFURLSessionManager.m */; };
		C3A04C0C1BFC136400CE336E /* AFNetworkActivityIndicatorManager.m in Sources */ = {isa = PBXBuildFile; fileRef = C3A04BF31BFC136400CE336E /* AFNetworkActivityIndicatorManager.m */; };
		C3A04C0D1BFC136400CE336E /* UIActivityIndicatorView+AFNetworking.m in Sources */ = {isa = PBXBuildFile; fileRef = C3A04BF51BFC136400CE336E /* UIActivityIndicatorView+AFNetworking.m */; };
		C3A04C0E1BFC136400CE336E /* UIAlertView+AFNetworking.m in Sources */ = {isa = PBXBuildFile; fileRef = C3A04BF71BFC136400CE336E /* UIAlertView+AFNetworking.m */; };
		C3A04C0F1BFC136400CE336E /* UIButton+AFNetworking.m in Sources */ = {isa = PBXBuildFile; fileRef = C3A04BF91BFC136400CE336E /* UIButton+AFNetworking.m */; };
		C3A04C101BFC136400CE336E /* UIImageView+AFNetworking.m in Sources */ = {isa = PBXBuildFile; fileRef = C3A04BFB1BFC136400CE336E /* UIImageView+AFNetworking.m */; };
		C3A04C111BFC136400CE336E /* UIProgressView+AFNetworking.m in Sources */ = {isa = PBXBuildFile; fileRef = C3A04BFE1BFC136400CE336E /* UIProgressView+AFNetworking.m */; };
		C3A04C121BFC136400CE336E /* UIRefreshControl+AFNetworking.m in Sources */ = {isa = PBXBuildFile; fileRef = C3A04C001BFC136400CE336E /* UIRefreshControl+AFNetworking.m */; };
		C3A04C131BFC136400CE336E /* UIWebView+AFNetworking.m in Sources */ = {isa = PBXBuildFile; fileRef = C3A04C021BFC136400CE336E /* UIWebView+AFNetworking.m */; };
		C3A04C1B1BFC191200CE336E /* SweetAlertObjc.swift in Sources */ = {isa = PBXBuildFile; fileRef = C3A04C1A1BFC191200CE336E /* SweetAlertObjc.swift */; };
		C3EE0A2F1BFB0B7B001BB480 /* main.m in Sources */ = {isa = PBXBuildFile; fileRef = C3EE0A2E1BFB0B7B001BB480 /* main.m */; };
		C3EE0A321BFB0B7B001BB480 /* AppDelegate.m in Sources */ = {isa = PBXBuildFile; fileRef = C3EE0A311BFB0B7B001BB480 /* AppDelegate.m */; };
		C3EE0A351BFB0B7B001BB480 /* ViewController.m in Sources */ = {isa = PBXBuildFile; fileRef = C3EE0A341BFB0B7B001BB480 /* ViewController.m */; };
		C3EE0A381BFB0B7B001BB480 /* Main.storyboard in Resources */ = {isa = PBXBuildFile; fileRef = C3EE0A361BFB0B7B001BB480 /* Main.storyboard */; };
		C3EE0A3A1BFB0B7B001BB480 /* Assets.xcassets in Resources */ = {isa = PBXBuildFile; fileRef = C3EE0A391BFB0B7B001BB480 /* Assets.xcassets */; };
		C3EE0A3D1BFB0B7B001BB480 /* LaunchScreen.storyboard in Resources */ = {isa = PBXBuildFile; fileRef = C3EE0A3B1BFB0B7B001BB480 /* LaunchScreen.storyboard */; };
/* End PBXBuildFile section */

/* Begin PBXFileReference section */
		C3A04BDE1BFC136400CE336E /* AFHTTPRequestOperation.h */ = {isa = PBXFileReference; fileEncoding = 4; lastKnownFileType = sourcecode.c.h; path = AFHTTPRequestOperation.h; sourceTree = "<group>"; };
		C3A04BDF1BFC136400CE336E /* AFHTTPRequestOperation.m */ = {isa = PBXFileReference; fileEncoding = 4; lastKnownFileType = sourcecode.c.objc; path = AFHTTPRequestOperation.m; sourceTree = "<group>"; };
		C3A04BE01BFC136400CE336E /* AFHTTPRequestOperationManager.h */ = {isa = PBXFileReference; fileEncoding = 4; lastKnownFileType = sourcecode.c.h; path = AFHTTPRequestOperationManager.h; sourceTree = "<group>"; };
		C3A04BE11BFC136400CE336E /* AFHTTPRequestOperationManager.m */ = {isa = PBXFileReference; fileEncoding = 4; lastKnownFileType = sourcecode.c.objc; path = AFHTTPRequestOperationManager.m; sourceTree = "<group>"; };
		C3A04BE21BFC136400CE336E /* AFHTTPSessionManager.h */ = {isa = PBXFileReference; fileEncoding = 4; lastKnownFileType = sourcecode.c.h; path = AFHTTPSessionManager.h; sourceTree = "<group>"; };
		C3A04BE31BFC136400CE336E /* AFHTTPSessionManager.m */ = {isa = PBXFileReference; fileEncoding = 4; lastKnownFileType = sourcecode.c.objc; path = AFHTTPSessionManager.m; sourceTree = "<group>"; };
		C3A04BE41BFC136400CE336E /* AFNetworking.h */ = {isa = PBXFileReference; fileEncoding = 4; lastKnownFileType = sourcecode.c.h; path = AFNetworking.h; sourceTree = "<group>"; };
		C3A04BE51BFC136400CE336E /* AFNetworkReachabilityManager.h */ = {isa = PBXFileReference; fileEncoding = 4; lastKnownFileType = sourcecode.c.h; path = AFNetworkReachabilityManager.h; sourceTree = "<group>"; };
		C3A04BE61BFC136400CE336E /* AFNetworkReachabilityManager.m */ = {isa = PBXFileReference; fileEncoding = 4; lastKnownFileType = sourcecode.c.objc; path = AFNetworkReachabilityManager.m; sourceTree = "<group>"; };
		C3A04BE71BFC136400CE336E /* AFSecurityPolicy.h */ = {isa = PBXFileReference; fileEncoding = 4; lastKnownFileType = sourcecode.c.h; path = AFSecurityPolicy.h; sourceTree = "<group>"; };
		C3A04BE81BFC136400CE336E /* AFSecurityPolicy.m */ = {isa = PBXFileReference; fileEncoding = 4; lastKnownFileType = sourcecode.c.objc; path = AFSecurityPolicy.m; sourceTree = "<group>"; };
		C3A04BE91BFC136400CE336E /* AFURLConnectionOperation.h */ = {isa = PBXFileReference; fileEncoding = 4; lastKnownFileType = sourcecode.c.h; path = AFURLConnectionOperation.h; sourceTree = "<group>"; };
		C3A04BEA1BFC136400CE336E /* AFURLConnectionOperation.m */ = {isa = PBXFileReference; fileEncoding = 4; lastKnownFileType = sourcecode.c.objc; path = AFURLConnectionOperation.m; sourceTree = "<group>"; };
		C3A04BEB1BFC136400CE336E /* AFURLRequestSerialization.h */ = {isa = PBXFileReference; fileEncoding = 4; lastKnownFileType = sourcecode.c.h; path = AFURLRequestSerialization.h; sourceTree = "<group>"; };
		C3A04BEC1BFC136400CE336E /* AFURLRequestSerialization.m */ = {isa = PBXFileReference; fileEncoding = 4; lastKnownFileType = sourcecode.c.objc; path = AFURLRequestSerialization.m; sourceTree = "<group>"; };
		C3A04BED1BFC136400CE336E /* AFURLResponseSerialization.h */ = {isa = PBXFileReference; fileEncoding = 4; lastKnownFileType = sourcecode.c.h; path = AFURLResponseSerialization.h; sourceTree = "<group>"; };
		C3A04BEE1BFC136400CE336E /* AFURLResponseSerialization.m */ = {isa = PBXFileReference; fileEncoding = 4; lastKnownFileType = sourcecode.c.objc; path = AFURLResponseSerialization.m; sourceTree = "<group>"; };
		C3A04BEF1BFC136400CE336E /* AFURLSessionManager.h */ = {isa = PBXFileReference; fileEncoding = 4; lastKnownFileType = sourcecode.c.h; path = AFURLSessionManager.h; sourceTree = "<group>"; };
		C3A04BF01BFC136400CE336E /* AFURLSessionManager.m */ = {isa = PBXFileReference; fileEncoding = 4; lastKnownFileType = sourcecode.c.objc; path = AFURLSessionManager.m; sourceTree = "<group>"; };
		C3A04BF21BFC136400CE336E /* AFNetworkActivityIndicatorManager.h */ = {isa = PBXFileReference; fileEncoding = 4; lastKnownFileType = sourcecode.c.h; path = AFNetworkActivityIndicatorManager.h; sourceTree = "<group>"; };
		C3A04BF31BFC136400CE336E /* AFNetworkActivityIndicatorManager.m */ = {isa = PBXFileReference; fileEncoding = 4; lastKnownFileType = sourcecode.c.objc; path = AFNetworkActivityIndicatorManager.m; sourceTree = "<group>"; };
		C3A04BF41BFC136400CE336E /* UIActivityIndicatorView+AFNetworking.h */ = {isa = PBXFileReference; fileEncoding = 4; lastKnownFileType = sourcecode.c.h; path = "UIActivityIndicatorView+AFNetworking.h"; sourceTree = "<group>"; };
		C3A04BF51BFC136400CE336E /* UIActivityIndicatorView+AFNetworking.m */ = {isa = PBXFileReference; fileEncoding = 4; lastKnownFileType = sourcecode.c.objc; path = "UIActivityIndicatorView+AFNetworking.m"; sourceTree = "<group>"; };
		C3A04BF61BFC136400CE336E /* UIAlertView+AFNetworking.h */ = {isa = PBXFileReference; fileEncoding = 4; lastKnownFileType = sourcecode.c.h; path = "UIAlertView+AFNetworking.h"; sourceTree = "<group>"; };
		C3A04BF71BFC136400CE336E /* UIAlertView+AFNetworking.m */ = {isa = PBXFileReference; fileEncoding = 4; lastKnownFileType = sourcecode.c.objc; path = "UIAlertView+AFNetworking.m"; sourceTree = "<group>"; };
		C3A04BF81BFC136400CE336E /* UIButton+AFNetworking.h */ = {isa = PBXFileReference; fileEncoding = 4; lastKnownFileType = sourcecode.c.h; path = "UIButton+AFNetworking.h"; sourceTree = "<group>"; };
		C3A04BF91BFC136400CE336E /* UIButton+AFNetworking.m */ = {isa = PBXFileReference; fileEncoding = 4; lastKnownFileType = sourcecode.c.objc; path = "UIButton+AFNetworking.m"; sourceTree = "<group>"; };
		C3A04BFA1BFC136400CE336E /* UIImageView+AFNetworking.h */ = {isa = PBXFileReference; fileEncoding = 4; lastKnownFileType = sourcecode.c.h; path = "UIImageView+AFNetworking.h"; sourceTree = "<group>"; };
		C3A04BFB1BFC136400CE336E /* UIImageView+AFNetworking.m */ = {isa = PBXFileReference; fileEncoding = 4; lastKnownFileType = sourcecode.c.objc; path = "UIImageView+AFNetworking.m"; sourceTree = "<group>"; };
		C3A04BFC1BFC136400CE336E /* UIKit+AFNetworking.h */ = {isa = PBXFileReference; fileEncoding = 4; lastKnownFileType = sourcecode.c.h; path = "UIKit+AFNetworking.h"; sourceTree = "<group>"; };
		C3A04BFD1BFC136400CE336E /* UIProgressView+AFNetworking.h */ = {isa = PBXFileReference; fileEncoding = 4; lastKnownFileType = sourcecode.c.h; path = "UIProgressView+AFNetworking.h"; sourceTree = "<group>"; };
		C3A04BFE1BFC136400CE336E /* UIProgressView+AFNetworking.m */ = {isa = PBXFileReference; fileEncoding = 4; lastKnownFileType = sourcecode.c.objc; path = "UIProgressView+AFNetworking.m"; sourceTree = "<group>"; };
		C3A04BFF1BFC136400CE336E /* UIRefreshControl+AFNetworking.h */ = {isa = PBXFileReference; fileEncoding = 4; lastKnownFileType = sourcecode.c.h; path = "UIRefreshControl+AFNetworking.h"; sourceTree = "<group>"; };
		C3A04C001BFC136400CE336E /* UIRefreshControl+AFNetworking.m */ = {isa = PBXFileReference; fileEncoding = 4; lastKnownFileType = sourcecode.c.objc; path = "UIRefreshControl+AFNetworking.m"; sourceTree = "<group>"; };
		C3A04C011BFC136400CE336E /* UIWebView+AFNetworking.h */ = {isa = PBXFileReference; fileEncoding = 4; lastKnownFileType = sourcecode.c.h; path = "UIWebView+AFNetworking.h"; sourceTree = "<group>"; };
		C3A04C021BFC136400CE336E /* UIWebView+AFNetworking.m */ = {isa = PBXFileReference; fileEncoding = 4; lastKnownFileType = sourcecode.c.objc; path = "UIWebView+AFNetworking.m"; sourceTree = "<group>"; };
		C3A04C191BFC191200CE336E /* SweetAlertObjc-Bridging-Header.h */ = {isa = PBXFileReference; fileEncoding = 4; lastKnownFileType = sourcecode.c.h; path = "SweetAlertObjc-Bridging-Header.h"; sourceTree = "<group>"; };
		C3A04C1A1BFC191200CE336E /* SweetAlertObjc.swift */ = {isa = PBXFileReference; fileEncoding = 4; lastKnownFileType = sourcecode.swift; path = SweetAlertObjc.swift; sourceTree = "<group>"; };
		C3EE0A2A1BFB0B7B001BB480 /* SweetAlertObjc.app */ = {isa = PBXFileReference; explicitFileType = wrapper.application; includeInIndex = 0; path = SweetAlertObjc.app; sourceTree = BUILT_PRODUCTS_DIR; };
		C3EE0A2E1BFB0B7B001BB480 /* main.m */ = {isa = PBXFileReference; lastKnownFileType = sourcecode.c.objc; path = main.m; sourceTree = "<group>"; };
		C3EE0A301BFB0B7B001BB480 /* AppDelegate.h */ = {isa = PBXFileReference; lastKnownFileType = sourcecode.c.h; path = AppDelegate.h; sourceTree = "<group>"; };
		C3EE0A311BFB0B7B001BB480 /* AppDelegate.m */ = {isa = PBXFileReference; lastKnownFileType = sourcecode.c.objc; path = AppDelegate.m; sourceTree = "<group>"; };
		C3EE0A331BFB0B7B001BB480 /* ViewController.h */ = {isa = PBXFileReference; lastKnownFileType = sourcecode.c.h; path = ViewController.h; sourceTree = "<group>"; };
		C3EE0A341BFB0B7B001BB480 /* ViewController.m */ = {isa = PBXFileReference; lastKnownFileType = sourcecode.c.objc; path = ViewController.m; sourceTree = "<group>"; };
		C3EE0A371BFB0B7B001BB480 /* Base */ = {isa = PBXFileReference; lastKnownFileType = file.storyboard; name = Base; path = Base.lproj/Main.storyboard; sourceTree = "<group>"; };
		C3EE0A391BFB0B7B001BB480 /* Assets.xcassets */ = {isa = PBXFileReference; lastKnownFileType = folder.assetcatalog; path = Assets.xcassets; sourceTree = "<group>"; };
		C3EE0A3C1BFB0B7B001BB480 /* Base */ = {isa = PBXFileReference; lastKnownFileType = file.storyboard; name = Base; path = Base.lproj/LaunchScreen.storyboard; sourceTree = "<group>"; };
		C3EE0A3E1BFB0B7B001BB480 /* Info.plist */ = {isa = PBXFileReference; lastKnownFileType = text.plist.xml; path = Info.plist; sourceTree = "<group>"; };
/* End PBXFileReference section */

/* Begin PBXFrameworksBuildPhase section */
		C3EE0A271BFB0B7B001BB480 /* Frameworks */ = {
			isa = PBXFrameworksBuildPhase;
			buildActionMask = 2147483647;
			files = (
			);
			runOnlyForDeploymentPostprocessing = 0;
		};
/* End PBXFrameworksBuildPhase section */

/* Begin PBXGroup section */
		C3A04BDD1BFC136400CE336E /* AFNetworking */ = {
			isa = PBXGroup;
			children = (
				C3A04BDE1BFC136400CE336E /* AFHTTPRequestOperation.h */,
				C3A04BDF1BFC136400CE336E /* AFHTTPRequestOperation.m */,
				C3A04BE01BFC136400CE336E /* AFHTTPRequestOperationManager.h */,
				C3A04BE11BFC136400CE336E /* AFHTTPRequestOperationManager.m */,
				C3A04BE21BFC136400CE336E /* AFHTTPSessionManager.h */,
				C3A04BE31BFC136400CE336E /* AFHTTPSessionManager.m */,
				C3A04BE41BFC136400CE336E /* AFNetworking.h */,
				C3A04BE51BFC136400CE336E /* AFNetworkReachabilityManager.h */,
				C3A04BE61BFC136400CE336E /* AFNetworkReachabilityManager.m */,
				C3A04BE71BFC136400CE336E /* AFSecurityPolicy.h */,
				C3A04BE81BFC136400CE336E /* AFSecurityPolicy.m */,
				C3A04BE91BFC136400CE336E /* AFURLConnectionOperation.h */,
				C3A04BEA1BFC136400CE336E /* AFURLConnectionOperation.m */,
				C3A04BEB1BFC136400CE336E /* AFURLRequestSerialization.h */,
				C3A04BEC1BFC136400CE336E /* AFURLRequestSerialization.m */,
				C3A04BED1BFC136400CE336E /* AFURLResponseSerialization.h */,
				C3A04BEE1BFC136400CE336E /* AFURLResponseSerialization.m */,
				C3A04BEF1BFC136400CE336E /* AFURLSessionManager.h */,
				C3A04BF01BFC136400CE336E /* AFURLSessionManager.m */,
			);
			path = AFNetworking;
			sourceTree = "<group>";
		};
		C3A04BF11BFC136400CE336E /* UIKit+AFNetworking */ = {
			isa = PBXGroup;
			children = (
				C3A04BF21BFC136400CE336E /* AFNetworkActivityIndicatorManager.h */,
				C3A04BF31BFC136400CE336E /* AFNetworkActivityIndicatorManager.m */,
				C3A04BF41BFC136400CE336E /* UIActivityIndicatorView+AFNetworking.h */,
				C3A04BF51BFC136400CE336E /* UIActivityIndicatorView+AFNetworking.m */,
				C3A04BF61BFC136400CE336E /* UIAlertView+AFNetworking.h */,
				C3A04BF71BFC136400CE336E /* UIAlertView+AFNetworking.m */,
				C3A04BF81BFC136400CE336E /* UIButton+AFNetworking.h */,
				C3A04BF91BFC136400CE336E /* UIButton+AFNetworking.m */,
				C3A04BFA1BFC136400CE336E /* UIImageView+AFNetworking.h */,
				C3A04BFB1BFC136400CE336E /* UIImageView+AFNetworking.m */,
				C3A04BFC1BFC136400CE336E /* UIKit+AFNetworking.h */,
				C3A04BFD1BFC136400CE336E /* UIProgressView+AFNetworking.h */,
				C3A04BFE1BFC136400CE336E /* UIProgressView+AFNetworking.m */,
				C3A04BFF1BFC136400CE336E /* UIRefreshControl+AFNetworking.h */,
				C3A04C001BFC136400CE336E /* UIRefreshControl+AFNetworking.m */,
				C3A04C011BFC136400CE336E /* UIWebView+AFNetworking.h */,
				C3A04C021BFC136400CE336E /* UIWebView+AFNetworking.m */,
			);
			path = "UIKit+AFNetworking";
			sourceTree = "<group>";
		};
		C3A04C181BFC191200CE336E /* SweetAlertObjc */ = {
			isa = PBXGroup;
			children = (
				C3A04C191BFC191200CE336E /* SweetAlertObjc-Bridging-Header.h */,
				C3A04C1A1BFC191200CE336E /* SweetAlertObjc.swift */,
			);
			path = SweetAlertObjc;
			sourceTree = "<group>";
		};
		C3EE0A211BFB0B7B001BB480 = {
			isa = PBXGroup;
			children = (
				C3EE0A2C1BFB0B7B001BB480 /* SweetAlertObjc */,
				C3EE0A2B1BFB0B7B001BB480 /* Products */,
			);
			sourceTree = "<group>";
		};
		C3EE0A2B1BFB0B7B001BB480 /* Products */ = {
			isa = PBXGroup;
			children = (
				C3EE0A2A1BFB0B7B001BB480 /* SweetAlertObjc.app */,
			);
			name = Products;
			sourceTree = "<group>";
		};
		C3EE0A2C1BFB0B7B001BB480 /* SweetAlertObjc */ = {
			isa = PBXGroup;
			children = (
				C3A04C181BFC191200CE336E /* SweetAlertObjc */,
				C3A04BDD1BFC136400CE336E /* AFNetworking */,
				C3A04BF11BFC136400CE336E /* UIKit+AFNetworking */,
				C3EE0A301BFB0B7B001BB480 /* AppDelegate.h */,
				C3EE0A311BFB0B7B001BB480 /* AppDelegate.m */,
				C3EE0A331BFB0B7B001BB480 /* ViewController.h */,
				C3EE0A341BFB0B7B001BB480 /* ViewController.m */,
				C3EE0A361BFB0B7B001BB480 /* Main.storyboard */,
				C3EE0A391BFB0B7B001BB480 /* Assets.xcassets */,
				C3EE0A3B1BFB0B7B001BB480 /* LaunchScreen.storyboard */,
				C3EE0A3E1BFB0B7B001BB480 /* Info.plist */,
				C3EE0A2D1BFB0B7B001BB480 /* Supporting Files */,
			);
			path = SweetAlertObjc;
			sourceTree = "<group>";
		};
		C3EE0A2D1BFB0B7B001BB480 /* Supporting Files */ = {
			isa = PBXGroup;
			children = (
				C3EE0A2E1BFB0B7B001BB480 /* main.m */,
			);
			name = "Supporting Files";
			sourceTree = "<group>";
		};
/* End PBXGroup section */

/* Begin PBXNativeTarget section */
		C3EE0A291BFB0B7B001BB480 /* SweetAlertObjc */ = {
			isa = PBXNativeTarget;
			buildConfigurationList = C3EE0A411BFB0B7B001BB480 /* Build configuration list for PBXNativeTarget "SweetAlertObjc" */;
			buildPhases = (
				C3EE0A261BFB0B7B001BB480 /* Sources */,
				C3EE0A271BFB0B7B001BB480 /* Frameworks */,
				C3EE0A281BFB0B7B001BB480 /* Resources */,
			);
			buildRules = (
			);
			dependencies = (
			);
			name = SweetAlertObjc;
			productName = SweetAlertObjc;
			productReference = C3EE0A2A1BFB0B7B001BB480 /* SweetAlertObjc.app */;
			productType = "com.apple.product-type.application";
		};
/* End PBXNativeTarget section */

/* Begin PBXProject section */
		C3EE0A221BFB0B7B001BB480 /* Project object */ = {
			isa = PBXProject;
			attributes = {
				LastUpgradeCheck = 0710;
				ORGANIZATIONNAME = legendry;
				TargetAttributes = {
					C3EE0A291BFB0B7B001BB480 = {
						CreatedOnToolsVersion = 7.1;
					};
				};
			};
			buildConfigurationList = C3EE0A251BFB0B7B001BB480 /* Build configuration list for PBXProject "SweetAlertObjc" */;
			compatibilityVersion = "Xcode 3.2";
			developmentRegion = English;
			hasScannedForEncodings = 0;
			knownRegions = (
				en,
				Base,
			);
			mainGroup = C3EE0A211BFB0B7B001BB480;
			productRefGroup = C3EE0A2B1BFB0B7B001BB480 /* Products */;
			projectDirPath = "";
			projectRoot = "";
			targets = (
				C3EE0A291BFB0B7B001BB480 /* SweetAlertObjc */,
			);
		};
/* End PBXProject section */

/* Begin PBXResourcesBuildPhase section */
		C3EE0A281BFB0B7B001BB480 /* Resources */ = {
			isa = PBXResourcesBuildPhase;
			buildActionMask = 2147483647;
			files = (
				C3EE0A3D1BFB0B7B001BB480 /* LaunchScreen.storyboard in Resources */,
				C3EE0A3A1BFB0B7B001BB480 /* Assets.xcassets in Resources */,
				C3EE0A381BFB0B7B001BB480 /* Main.storyboard in Resources */,
			);
			runOnlyForDeploymentPostprocessing = 0;
		};
/* End PBXResourcesBuildPhase section */

/* Begin PBXSourcesBuildPhase section */
		C3EE0A261BFB0B7B001BB480 /* Sources */ = {
			isa = PBXSourcesBuildPhase;
			buildActionMask = 2147483647;
			files = (
				C3A04C111BFC136400CE336E /* UIProgressView+AFNetworking.m in Sources */,
				C3A04C0F1BFC136400CE336E /* UIButton+AFNetworking.m in Sources */,
				C3A04C121BFC136400CE336E /* UIRefreshControl+AFNetworking.m in Sources */,
				C3A04C0E1BFC136400CE336E /* UIAlertView+AFNetworking.m in Sources */,
				C3EE0A351BFB0B7B001BB480 /* ViewController.m in Sources */,
				C3A04C071BFC136400CE336E /* AFSecurityPolicy.m in Sources */,
				C3A04C1B1BFC191200CE336E /* SweetAlertObjc.swift in Sources */,
				C3EE0A321BFB0B7B001BB480 /* AppDelegate.m in Sources */,
				C3A04C041BFC136400CE336E /* AFHTTPRequestOperationManager.m in Sources */,
				C3A04C081BFC136400CE336E /* AFURLConnectionOperation.m in Sources */,
				C3A04C101BFC136400CE336E /* UIImageView+AFNetworking.m in Sources */,
				C3A04C031BFC136400CE336E /* AFHTTPRequestOperation.m in Sources */,
				C3A04C0D1BFC136400CE336E /* UIActivityIndicatorView+AFNetworking.m in Sources */,
				C3EE0A2F1BFB0B7B001BB480 /* main.m in Sources */,
				C3A04C091BFC136400CE336E /* AFURLRequestSerialization.m in Sources */,
				C3A04C051BFC136400CE336E /* AFHTTPSessionManager.m in Sources */,
				C3A04C061BFC136400CE336E /* AFNetworkReachabilityManager.m in Sources */,
				C3A04C0A1BFC136400CE336E /* AFURLResponseSerialization.m in Sources */,
				C3A04C131BFC136400CE336E /* UIWebView+AFNetworking.m in Sources */,
				C3A04C0B1BFC136400CE336E /* AFURLSessionManager.m in Sources */,
				C3A04C0C1BFC136400CE336E /* AFNetworkActivityIndicatorManager.m in Sources */,
			);
			runOnlyForDeploymentPostprocessing = 0;
		};
/* End PBXSourcesBuildPhase section */

/* Begin PBXVariantGroup section */
		C3EE0A361BFB0B7B001BB480 /* Main.storyboard */ = {
			isa = PBXVariantGroup;
			children = (
				C3EE0A371BFB0B7B001BB480 /* Base */,
			);
			name = Main.storyboard;
			sourceTree = "<group>";
		};
		C3EE0A3B1BFB0B7B001BB480 /* LaunchScreen.storyboard */ = {
			isa = PBXVariantGroup;
			children = (
				C3EE0A3C1BFB0B7B001BB480 /* Base */,
			);
			name = LaunchScreen.storyboard;
			sourceTree = "<group>";
		};
/* End PBXVariantGroup section */

/* Begin XCBuildConfiguration section */
		C3EE0A3F1BFB0B7B001BB480 /* Debug */ = {
			isa = XCBuildConfiguration;
			buildSettings = {
				ALWAYS_SEARCH_USER_PATHS = NO;
				CLANG_CXX_LANGUAGE_STANDARD = "gnu++0x";
				CLANG_CXX_LIBRARY = "libc++";
				CLANG_ENABLE_MODULES = YES;
				CLANG_ENABLE_OBJC_ARC = YES;
				CLANG_WARN_BOOL_CONVERSION = YES;
				CLANG_WARN_CONSTANT_CONVERSION = YES;
				CLANG_WARN_DIRECT_OBJC_ISA_USAGE = YES_ERROR;
				CLANG_WARN_EMPTY_BODY = YES;
				CLANG_WARN_ENUM_CONVERSION = YES;
				CLANG_WARN_INT_CONVERSION = YES;
				CLANG_WARN_OBJC_ROOT_CLASS = YES_ERROR;
				CLANG_WARN_UNREACHABLE_CODE = YES;
				CLANG_WARN__DUPLICATE_METHOD_MATCH = YES;
				"CODE_SIGN_IDENTITY[sdk=iphoneos*]" = "iPhone Developer";
				COPY_PHASE_STRIP = NO;
				DEBUG_INFORMATION_FORMAT = dwarf;
				ENABLE_STRICT_OBJC_MSGSEND = YES;
				ENABLE_TESTABILITY = YES;
				GCC_C_LANGUAGE_STANDARD = gnu99;
				GCC_DYNAMIC_NO_PIC = NO;
				GCC_NO_COMMON_BLOCKS = YES;
				GCC_OPTIMIZATION_LEVEL = 0;
				GCC_PREPROCESSOR_DEFINITIONS = (
					"DEBUG=1",
					"$(inherited)",
				);
				GCC_WARN_64_TO_32_BIT_CONVERSION = YES;
				GCC_WARN_ABOUT_RETURN_TYPE = YES_ERROR;
				GCC_WARN_UNDECLARED_SELECTOR = YES;
				GCC_WARN_UNINITIALIZED_AUTOS = YES_AGGRESSIVE;
				GCC_WARN_UNUSED_FUNCTION = YES;
				GCC_WARN_UNUSED_VARIABLE = YES;
				IPHONEOS_DEPLOYMENT_TARGET = 9.1;
				MTL_ENABLE_DEBUG_INFO = YES;
				ONLY_ACTIVE_ARCH = YES;
				SDKROOT = iphoneos;
			};
			name = Debug;
		};
		C3EE0A401BFB0B7B001BB480 /* Release */ = {
			isa = XCBuildConfiguration;
			buildSettings = {
				ALWAYS_SEARCH_USER_PATHS = NO;
				CLANG_CXX_LANGUAGE_STANDARD = "gnu++0x";
				CLANG_CXX_LIBRARY = "libc++";
				CLANG_ENABLE_MODULES = YES;
				CLANG_ENABLE_OBJC_ARC = YES;
				CLANG_WARN_BOOL_CONVERSION = YES;
				CLANG_WARN_CONSTANT_CONVERSION = YES;
				CLANG_WARN_DIRECT_OBJC_ISA_USAGE = YES_ERROR;
				CLANG_WARN_EMPTY_BODY = YES;
				CLANG_WARN_ENUM_CONVERSION = YES;
				CLANG_WARN_INT_CONVERSION = YES;
				CLANG_WARN_OBJC_ROOT_CLASS = YES_ERROR;
				CLANG_WARN_UNREACHABLE_CODE = YES;
				CLANG_WARN__DUPLICATE_METHOD_MATCH = YES;
				"CODE_SIGN_IDENTITY[sdk=iphoneos*]" = "iPhone Developer";
				COPY_PHASE_STRIP = NO;
				DEBUG_INFORMATION_FORMAT = "dwarf-with-dsym";
				ENABLE_NS_ASSERTIONS = NO;
				ENABLE_STRICT_OBJC_MSGSEND = YES;
				GCC_C_LANGUAGE_STANDARD = gnu99;
				GCC_NO_COMMON_BLOCKS = YES;
				GCC_WARN_64_TO_32_BIT_CONVERSION = YES;
				GCC_WARN_ABOUT_RETURN_TYPE = YES_ERROR;
				GCC_WARN_UNDECLARED_SELECTOR = YES;
				GCC_WARN_UNINITIALIZED_AUTOS = YES_AGGRESSIVE;
				GCC_WARN_UNUSED_FUNCTION = YES;
				GCC_WARN_UNUSED_VARIABLE = YES;
				IPHONEOS_DEPLOYMENT_TARGET = 9.1;
				MTL_ENABLE_DEBUG_INFO = NO;
				SDKROOT = iphoneos;
				VALIDATE_PRODUCT = YES;
			};
			name = Release;
		};
		C3EE0A421BFB0B7B001BB480 /* Debug */ = {
			isa = XCBuildConfiguration;
			buildSettings = {
				ASSETCATALOG_COMPILER_APPICON_NAME = AppIcon;
				CLANG_ENABLE_MODULES = YES;
				INFOPLIST_FILE = SweetAlertObjc/Info.plist;
				IPHONEOS_DEPLOYMENT_TARGET = 8;
				LD_RUNPATH_SEARCH_PATHS = "$(inherited) @executable_path/Frameworks";
				PRODUCT_BUNDLE_IDENTIFIER = p.czqasn.SweetAlertObjc;
				PRODUCT_NAME = "$(TARGET_NAME)";
				SWIFT_OBJC_BRIDGING_HEADER = "SweetAlertObjc/SweetAlert-Swift/SweetAlertObjc-Bridging-Header.h";
				SWIFT_OPTIMIZATION_LEVEL = "-Onone";
			};
			name = Debug;
		};
		C3EE0A431BFB0B7B001BB480 /* Release */ = {
			isa = XCBuildConfiguration;
			buildSettings = {
				ASSETCATALOG_COMPILER_APPICON_NAME = AppIcon;
				CLANG_ENABLE_MODULES = YES;
				INFOPLIST_FILE = SweetAlertObjc/Info.plist;
				IPHONEOS_DEPLOYMENT_TARGET = 8;
				LD_RUNPATH_SEARCH_PATHS = "$(inherited) @executable_path/Frameworks";
				PRODUCT_BUNDLE_IDENTIFIER = p.czqasn.SweetAlertObjc;
				PRODUCT_NAME = "$(TARGET_NAME)";
				SWIFT_OBJC_BRIDGING_HEADER = "SweetAlertObjc/SweetAlert-Swift/SweetAlertObjc-Bridging-Header.h";
			};
			name = Release;
		};
/* End XCBuildConfiguration section */

/* Begin XCConfigurationList section */
		C3EE0A251BFB0B7B001BB480 /* Build configuration list for PBXProject "SweetAlertObjc" */ = {
			isa = XCConfigurationList;
			buildConfigurations = (
				C3EE0A3F1BFB0B7B001BB480 /* Debug */,
				C3EE0A401BFB0B7B001BB480 /* Release */,
			);
			defaultConfigurationIsVisible = 0;
			defaultConfigurationName = Release;
		};
		C3EE0A411BFB0B7B001BB480 /* Build configuration list for PBXNativeTarget "SweetAlertObjc" */ = {
			isa = XCConfigurationList;
			buildConfigurations = (
				C3EE0A421BFB0B7B001BB480 /* Debug */,
				C3EE0A431BFB0B7B001BB480 /* Release */,
			);
			defaultConfigurationIsVisible = 0;
			defaultConfigurationName = Release;
		};
/* End XCConfigurationList section */
	};
	rootObject = C3EE0A221BFB0B7B001BB480 /* Project object */;
}
